schema: '2.0'
stages:
  generate_data:
    cmd: python scripts/generate_synthetic_data.py
    outs:
    - path: data/raw/cats
      hash: md5
      md5: 6f1147c734f6ff82320fcc53a67ec5f0.dir
      size: 280112
      nfiles: 60
    - path: data/raw/dogs
      hash: md5
      md5: 742b4d6d6e72316a5dce3ae077aff5fc.dir
      size: 205522
      nfiles: 60
  preprocess:
    cmd: python -m src.data_preprocessing
    deps:
    - path: data/raw/cats
      hash: md5
      md5: 6f1147c734f6ff82320fcc53a67ec5f0.dir
      size: 280112
      nfiles: 60
    - path: data/raw/dogs
      hash: md5
      md5: 742b4d6d6e72316a5dce3ae077aff5fc.dir
      size: 205522
      nfiles: 60
    - path: src/data_preprocessing.py
      hash: md5
      md5: b16ebf4c6b10cb256a97a72be004e1e8
      size: 5849
    outs:
    - path: data/processed/test
      hash: md5
      md5: 1f3046f1c5c8104c669660741ca6575a.dir
      size: 48515
      nfiles: 12
    - path: data/processed/train
      hash: md5
      md5: 352611f1e2a15df380282fd64969305c.dir
      size: 386201
      nfiles: 96
    - path: data/processed/val
      hash: md5
      md5: 9b3f6143435c896b9d173100357c78d6.dir
      size: 50918
      nfiles: 12
  train:
    cmd: python -m src.train --epochs 5 --batch-size 16
    deps:
    - path: data/processed/test
      hash: md5
      md5: 1f3046f1c5c8104c669660741ca6575a.dir
      size: 48515
      nfiles: 12
    - path: data/processed/train
      hash: md5
      md5: 352611f1e2a15df380282fd64969305c.dir
      size: 386201
      nfiles: 96
    - path: data/processed/val
      hash: md5
      md5: 9b3f6143435c896b9d173100357c78d6.dir
      size: 50918
      nfiles: 12
    - path: src/model.py
      hash: md5
      md5: 9dbf6d7a97c9801936381af7a6108f72
      size: 3508
    - path: src/train.py
      hash: md5
      md5: b8b75db990da0e7ef10a93c4aeb10760
      size: 5873
    outs:
    - path: models/confusion_matrix.png
      hash: md5
      md5: 80b17a3a85e314599f5429c601ed927b
      size: 13321
    - path: models/loss_curve.png
      hash: md5
      md5: 9f969c18af26437a8a1bf86ad8824e30
      size: 28452
    - path: models/model.pt
      hash: md5
      md5: c9ccea8c4e6c6f9047e1ee99720533c1
      size: 1710490
